
Microsoft Visual Studio Solution File, Format Version 12.00
# Visual Studio Version 17
VisualStudioVersion = 17.14.36414.22 d17.14
MinimumVisualStudioVersion = 10.0.40219.1
Project("{FAE04EC0-301F-11D3-BF4B-00C04F79EFBC}") = "CityTour", "CityTour\CityTour.csproj", "{1C4BB37D-4212-4CEC-B021-90417F07A98E}"
EndProject
Global
	GlobalSection(SolutionConfigurationPlatforms) = preSolution
		Debug|Any CPU = Debug|Any CPU
		Release|Any CPU = Release|Any CPU
	EndGlobalSection
	GlobalSection(ProjectConfigurationPlatforms) = postSolution
		{1C4BB37D-4212-4CEC-B021-90417F07A98E}.Debug|Any CPU.ActiveCfg = Debug|Any CPU
		{1C4BB37D-4212-4CEC-B021-90417F07A98E}.Debug|Any CPU.Build.0 = Debug|Any CPU
		{1C4BB37D-4212-4CEC-B021-90417F07A98E}.Release|Any CPU.ActiveCfg = Release|Any CPU
		{1C4BB37D-4212-4CEC-B021-90417F07A98E}.Release|Any CPU.Build.0 = Release|Any CPU
	EndGlobalSection
	GlobalSection(SolutionProperties) = preSolution
		HideSolutionNode = FALSE
	EndGlobalSection
	GlobalSection(ExtensibilityGlobals) = postSolution
		SolutionGuid = {3CAAA723-A6CF-4EA8-BA68-FEBD98D51477}
	EndGlobalSection
EndGlobal
